
Microsoft Visual Studio Solution File, Format Version 12.00
# Visual Studio Version 17
VisualStudioVersion = 17.9.34622.214
MinimumVisualStudioVersion = 10.0.40219.1
Project("{FAE04EC0-301F-11D3-BF4B-00C04F79EFBC}") = "EasyUpscaler", "EasyUpscaler\EasyUpscaler.csproj", "{537AF5D0-FA02-45FD-A77C-31B5ABCDDB51}"
EndProject
Global
	GlobalSection(SolutionConfigurationPlatforms) = preSolution
		Debug|Any CPU = Debug|Any CPU
		Release|Any CPU = Release|Any CPU
	EndGlobalSection
	GlobalSection(ProjectConfigurationPlatforms) = postSolution
		{537AF5D0-FA02-45FD-A77C-31B5ABCDDB51}.Debug|Any CPU.ActiveCfg = Debug|Any CPU
		{537AF5D0-FA02-45FD-A77C-31B5ABCDDB51}.Debug|Any CPU.Build.0 = Debug|Any CPU
		{537AF5D0-FA02-45FD-A77C-31B5ABCDDB51}.Release|Any CPU.ActiveCfg = Release|Any CPU
		{537AF5D0-FA02-45FD-A77C-31B5ABCDDB51}.Release|Any CPU.Build.0 = Release|Any CPU
	EndGlobalSection
	GlobalSection(SolutionProperties) = preSolution
		HideSolutionNode = FALSE
	EndGlobalSection
	GlobalSection(ExtensibilityGlobals) = postSolution
		SolutionGuid = {92F77B8A-066D-4DD7-8A14-F687DC99C548}
	EndGlobalSection
EndGlobal
